
Microsoft Visual Studio Solution File, Format Version 12.00
# Visual Studio Version 16
VisualStudioVersion = 16.0.31321.278
MinimumVisualStudioVersion = 10.0.40219.1
Project("{FAE04EC0-301F-11D3-BF4B-00C04F79EFBC}") = "DailyReportFixApp", "DailyReportFixApp\DailyReportFixApp.csproj", "{460D7FB8-6947-48B3-955E-BACC0C0C6836}"
EndProject
Global
	GlobalSection(SolutionConfigurationPlatforms) = preSolution
		Debug|Any CPU = Debug|Any CPU
		Release|Any CPU = Release|Any CPU
	EndGlobalSection
	GlobalSection(ProjectConfigurationPlatforms) = postSolution
		{460D7FB8-6947-48B3-955E-BACC0C0C6836}.Debug|Any CPU.ActiveCfg = Debug|Any CPU
		{460D7FB8-6947-48B3-955E-BACC0C0C6836}.Debug|Any CPU.Build.0 = Debug|Any CPU
		{460D7FB8-6947-48B3-955E-BACC0C0C6836}.Release|Any CPU.ActiveCfg = Release|Any CPU
		{460D7FB8-6947-48B3-955E-BACC0C0C6836}.Release|Any CPU.Build.0 = Release|Any CPU
	EndGlobalSection
	GlobalSection(SolutionProperties) = preSolution
		HideSolutionNode = FALSE
	EndGlobalSection
	GlobalSection(ExtensibilityGlobals) = postSolution
		SolutionGuid = {5A2F0B0C-E8C2-486C-9B3E-515B71FC6567}
	EndGlobalSection
EndGlobal
